{"format_version":"1.2","terraform_version":"1.14.0","variables":{"admin_cpu":{"value":256},"admin_desired_count":{"value":0},"admin_image":{"value":""},"admin_memory":{"value":512},"app_name":{"value":"travel365"},"backend_cpu":{"value":256},"backend_desired_count":{"value":1},"backend_image":{"value":""},"backend_memory":{"value":512},"create_hosted_zone":{"value":false},"db_password":{"value":""},"db_username":{"value":""},"domain_name":{"value":""},"enable_cloudfront":{"value":false},"enable_nat":{"value":false},"enable_rds":{"value":false},"enable_ses":{"value":false},"enable_sqs":{"value":false},"enable_waf":{"value":false},"environment":{"value":"development"},"frontend_cpu":{"value":256},"frontend_desired_count":{"value":1},"frontend_image":{"value":""},"frontend_memory":{"value":512},"private_subnet_cidrs":{"value":["10.10.11.0/24","10.10.12.0/24"]},"public_subnet_cidrs":{"value":["10.10.1.0/24","10.10.2.0/24"]},"region":{"value":"eu-west-2"}},"planned_values":{"root_module":{"resources":[{"address":"aws_security_group.ecs","mode":"managed","type":"aws_security_group","name":"ecs","provider_name":"registry.terraform.io/hashicorp/aws","schema_version":1,"values":{"description":"Managed by Terraform","egress":[{"cidr_blocks":["0.0.0.0/0"],"description":"","from_port":0,"ipv6_cidr_blocks":[],"prefix_list_ids":[],"protocol":"-1","security_groups":[],"self":false,"to_port":0}],"name":"travel365-development-ecs-sg","revoke_rules_on_delete":false,"tags":null,"timeouts":null},"sensitive_values":{"egress":[{"cidr_blocks":[false],"ipv6_cidr_blocks":[],"prefix_list_ids":[],"security_groups":[]}],"ingress":[],"tags_all":{}}},{"address":"aws_security_group.redis","mode":"managed","type":"aws_security_group","name":"redis","provider_name":"registry.terraform.io/hashicorp/aws","schema_version":1,"values":{"description":"Managed by Terraform","egress":[{"cidr_blocks":["0.0.0.0/0"],"description":"","from_port":0,"ipv6_cidr_blocks":[],"prefix_list_ids":[],"protocol":"-1","security_groups":[],"self":false,"to_port":0}],"ingress":[{"cidr_blocks":[],"description":"","from_port":6379,"ipv6_cidr_blocks":[],"prefix_list_ids":[],"protocol":"tcp","self":false,"to_port":6379}],"name":"travel365-development-redis-sg","revoke_rules_on_delete":false,"tags":null,"timeouts":null},"sensitive_values":{"egress":[{"cidr_blocks":[false],"ipv6_cidr_blocks":[],"prefix_list_ids":[],"security_groups":[]}],"ingress":[{"cidr_blocks":[],"ipv6_cidr_blocks":[],"prefix_list_ids":[],"security_groups":[]}],"tags_all":{}}},{"address":"random_id.bucket_hex","mode":"managed","type":"random_id","name":"bucket_hex","provider_name":"registry.terraform.io/hashicorp/random","schema_version":0,"values":{"byte_length":3,"keepers":null,"prefix":null},"sensitive_values":{}}],"child_modules":[{"resources":[{"address":"module.ecs.aws_cloudwatch_log_group.backend","mode":"managed","type":"aws_cloudwatch_log_group","name":"backend","provider_name":"registry.terraform.io/hashicorp/aws","schema_version":0,"values":{"kms_key_id":null,"name":"/ecs/travel365-development-cluster-backend","retention_in_days":30,"skip_destroy":false,"tags":null},"sensitive_values":{"tags_all":{}}},{"address":"module.ecs.aws_ecs_cluster.this","mode":"managed","type":"aws_ecs_cluster","name":"this","provider_name":"registry.terraform.io/hashicorp/aws","schema_version":0,"values":{"configuration":[],"name":"travel365-development-cluster","service_connect_defaults":[],"tags":null},"sensitive_values":{"capacity_providers":[],"configuration":[],"default_capacity_provider_strategy":[],"service_connect_defaults":[],"setting":[],"tags_all":{}}},{"address":"module.ecs.aws_ecs_service.backend","mode":"managed","type":"aws_ecs_service","name":"backend","provider_name":"registry.terraform.io/hashicorp/aws","schema_version":0,"values":{"alarms":[],"capacity_provider_strategy":[],"deployment_circuit_breaker":[],"deployment_controller":[],"deployment_maximum_percent":200,"deployment_minimum_healthy_percent":50,"desired_count":1,"enable_ecs_managed_tags":false,"enable_execute_command":false,"force_new_deployment":null,"health_check_grace_period_seconds":null,"launch_type":"FARGATE","load_balancer":[],"name":"travel365-development-cluster-backend","network_configuration":[{"assign_public_ip":false}],"ordered_placement_strategy":[],"placement_constraints":[],"propagate_tags":null,"scheduling_strategy":"REPLICA","service_connect_configuration":[],"service_registries":[],"tags":null,"timeouts":null,"wait_for_steady_state":false},"sensitive_values":{"alarms":[],"capacity_provider_strategy":[],"deployment_circuit_breaker":[],"deployment_controller":[],"load_balancer":[],"network_configuration":[{"security_groups":[],"subnets":[]}],"ordered_placement_strategy":[],"placement_constraints":[],"service_connect_configuration":[],"service_registries":[],"tags_all":{},"triggers":{}}},{"address":"module.ecs.aws_ecs_task_definition.backend","mode":"managed","type":"aws_ecs_task_definition","name":"backend","provider_name":"registry.terraform.io/hashicorp/aws","schema_version":1,"values":{"container_definitions":"[{\"environment\":[],\"essential\":true,\"image\":\"\",\"logConfiguration\":{\"logDriver\":\"awslogs\",\"options\":{\"awslogs-group\":\"/ecs/travel365-development-cluster-backend\",\"awslogs-region\":\"eu-west-2\",\"awslogs-stream-prefix\":\"backend\"}},\"name\":\"backend\",\"portMappings\":[{\"containerPort\":8080,\"hostPort\":8080,\"protocol\":\"tcp\"}]}]","cpu":"512","ephemeral_storage":[],"family":"travel365-development-cluster-backend","inference_accelerator":[],"ipc_mode":null,"memory":"1024","network_mode":"awsvpc","pid_mode":null,"placement_constraints":[],"proxy_configuration":[],"requires_compatibilities":["FARGATE"],"runtime_platform":[],"skip_destroy":false,"tags":null,"volume":[]},"sensitive_values":{"ephemeral_storage":[],"inference_accelerator":[],"placement_constraints":[],"proxy_configuration":[],"requires_compatibilities":[false],"runtime_platform":[],"tags_all":{},"volume":[]}}],"address":"module.ecs"},{"resources":[{"address":"module.iam.aws_iam_policy.app_policy","mode":"managed","type":"aws_iam_policy","name":"app_policy","provider_name":"registry.terraform.io/hashicorp/aws","schema_version":0,"values":{"description":null,"name":"travel365-development-app-policy","path":"/","tags":null},"sensitive_values":{"tags_all":{}}},{"address":"module.iam.aws_iam_role.ecs_task","mode":"managed","type":"aws_iam_role","name":"ecs_task","provider_name":"registry.terraform.io/hashicorp/aws","schema_version":0,"values":{"assume_role_policy":"{\"Statement\":[{\"Action\":\"sts:AssumeRole\",\"Effect\":\"Allow\",\"Principal\":{\"Service\":\"ecs-tasks.amazonaws.com\"},\"Sid\":\"\"}],\"Version\":\"2012-10-17\"}","description":null,"force_detach_policies":false,"max_session_duration":3600,"name":"travel365-development-ecs-task-role","path":"/","permissions_boundary":null,"tags":null},"sensitive_values":{"inline_policy":[],"managed_policy_arns":[],"role_last_used":[],"tags_all":{}}},{"address":"module.iam.aws_iam_role.ecs_task_execution","mode":"managed","type":"aws_iam_role","name":"ecs_task_execution","provider_name":"registry.terraform.io/hashicorp/aws","schema_version":0,"values":{"assume_role_policy":"{\"Statement\":[{\"Action\":\"sts:AssumeRole\",\"Effect\":\"Allow\",\"Principal\":{\"Service\":\"ecs-tasks.amazonaws.com\"},\"Sid\":\"\"}],\"Version\":\"2012-10-17\"}","description":null,"force_detach_policies":false,"max_session_duration":3600,"name":"travel365-development-ecs-exec-role","path":"/","permissions_boundary":null,"tags":null},"sensitive_values":{"inline_policy":[],"managed_policy_arns":[],"role_last_used":[],"tags_all":{}}},{"address":"module.iam.aws_iam_role_policy_attachment.app_attach","mode":"managed","type":"aws_iam_role_policy_attachment","name":"app_attach","provider_name":"registry.terraform.io/hashicorp/aws","schema_version":0,"values":{"role":"travel365-development-ecs-task-role"},"sensitive_values":{}},{"address":"module.iam.aws_iam_role_policy_attachment.exec_attach","mode":"managed","type":"aws_iam_role_policy_attachment","name":"exec_attach","provider_name":"registry.terraform.io/hashicorp/aws","schema_version":0,"values":{"policy_arn":"arn:aws:iam::aws:policy/service-role/AmazonECSTaskExecutionRolePolicy","role":"travel365-development-ecs-exec-role"},"sensitive_values":{}}],"address":"module.iam"},{"resources":[{"address":"module.redis.aws_elasticache_cluster.this","mode":"managed","type":"aws_elasticache_cluster","name":"this","provider_name":"registry.terraform.io/hashicorp/aws","schema_version":0,"values":{"auto_minor_version_upgrade":"true","cluster_id":"travel365-development-redis","engine":"redis","engine_version":"7.0","final_snapshot_identifier":null,"log_delivery_configuration":[],"node_type":"cache.t4g.micro","notification_topic_arn":null,"num_cache_nodes":1,"outpost_mode":null,"parameter_group_name":"default.redis7","port":6379,"preferred_availability_zones":null,"snapshot_arns":null,"snapshot_name":null,"snapshot_retention_limit":null,"subnet_group_name":"travel365-development-subnet","tags":{"Name":"travel365-development-redis"},"tags_all":{"Name":"travel365-development-redis"}},"sensitive_values":{"cache_nodes":[],"log_delivery_configuration":[],"security_group_ids":[],"security_group_names":[],"tags":{},"tags_all":{}}},{"address":"module.redis.aws_elasticache_subnet_group.this","mode":"managed","type":"aws_elasticache_subnet_group","name":"this","provider_name":"registry.terraform.io/hashicorp/aws","schema_version":0,"values":{"description":"Managed by Terraform","name":"travel365-development-subnet","tags":null},"sensitive_values":{"subnet_ids":[],"tags_all":{}}}],"address":"module.redis"},{"resources":[{"address":"module.s3.aws_s3_bucket.this","mode":"managed","type":"aws_s3_bucket","name":"this","provider_name":"registry.terraform.io/hashicorp/aws","schema_version":0,"values":{"acl":"private","force_destroy":false,"server_side_encryption_configuration":[{"rule":[{"apply_server_side_encryption_by_default":[{"kms_master_key_id":null,"sse_algorithm":"AES256"}],"bucket_key_enabled":null}]}],"tags":{"Name":"travel365-development-assets"},"tags_all":{"Name":"travel365-development-assets"},"timeouts":null,"versioning":[{"enabled":true,"mfa_delete":false}]},"sensitive_values":{"cors_rule":[],"grant":[],"lifecycle_rule":[],"logging":[],"object_lock_configuration":[],"replication_configuration":[],"server_side_encryption_configuration":[{"rule":[{"apply_server_side_encryption_by_default":[{}]}]}],"tags":{},"tags_all":{},"versioning":[{}],"website":[]}},{"address":"module.s3.aws_s3_bucket_public_access_block.block","mode":"managed","type":"aws_s3_bucket_public_access_block","name":"block","provider_name":"registry.terraform.io/hashicorp/aws","schema_version":0,"values":{"block_public_acls":true,"block_public_policy":true,"ignore_public_acls":true,"restrict_public_buckets":true},"sensitive_values":{}}],"address":"module.s3"},{"resources":[{"address":"module.vpc.aws_internet_gateway.igw","mode":"managed","type":"aws_internet_gateway","name":"igw","provider_name":"registry.terraform.io/hashicorp/aws","schema_version":0,"values":{"tags":{"Name":"travel365-development-igw"},"tags_all":{"Name":"travel365-development-igw"},"timeouts":null},"sensitive_values":{"tags":{},"tags_all":{}}},{"address":"module.vpc.aws_route_table.private","mode":"managed","type":"aws_route_table","name":"private","provider_name":"registry.terraform.io/hashicorp/aws","schema_version":0,"values":{"tags":{"Name":"travel365-development-private-rt"},"tags_all":{"Name":"travel365-development-private-rt"},"timeouts":null},"sensitive_values":{"propagating_vgws":[],"route":[],"tags":{},"tags_all":{}}},{"address":"module.vpc.aws_route_table.public","mode":"managed","type":"aws_route_table","name":"public","provider_name":"registry.terraform.io/hashicorp/aws","schema_version":0,"values":{"route":[{"carrier_gateway_id":"","cidr_block":"0.0.0.0/0","core_network_arn":"","destination_prefix_list_id":"","egress_only_gateway_id":"","instance_id":"","ipv6_cidr_block":"","local_gateway_id":"","nat_gateway_id":"","network_interface_id":"","transit_gateway_id":"","vpc_endpoint_id":"","vpc_peering_connection_id":""}],"tags":{"Name":"travel365-development-public-rt"},"tags_all":{"Name":"travel365-development-public-rt"},"timeouts":null},"sensitive_values":{"propagating_vgws":[],"route":[{}],"tags":{},"tags_all":{}}},{"address":"module.vpc.aws_route_table_association.private_assoc[\"10.10.11.0/24\"]","mode":"managed","type":"aws_route_table_association","name":"private_assoc","index":"10.10.11.0/24","provider_name":"registry.terraform.io/hashicorp/aws","schema_version":0,"values":{"gateway_id":null,"timeouts":null},"sensitive_values":{}},{"address":"module.vpc.aws_route_table_association.private_assoc[\"10.10.12.0/24\"]","mode":"managed","type":"aws_route_table_association","name":"private_assoc","index":"10.10.12.0/24","provider_name":"registry.terraform.io/hashicorp/aws","schema_version":0,"values":{"gateway_id":null,"timeouts":null},"sensitive_values":{}},{"address":"module.vpc.aws_route_table_association.public_assoc[\"10.10.1.0/24\"]","mode":"managed","type":"aws_route_table_association","name":"public_assoc","index":"10.10.1.0/24","provider_name":"registry.terraform.io/hashicorp/aws","schema_version":0,"values":{"gateway_id":null,"timeouts":null},"sensitive_values":{}},{"address":"module.vpc.aws_route_table_association.public_assoc[\"10.10.2.0/24\"]","mode":"managed","type":"aws_route_table_association","name":"public_assoc","index":"10.10.2.0/24","provider_name":"registry.terraform.io/hashicorp/aws","schema_version":0,"values":{"gateway_id":null,"timeouts":null},"sensitive_values":{}},{"address":"module.vpc.aws_subnet.private[\"10.10.11.0/24\"]","mode":"managed","type":"aws_subnet","name":"private","index":"10.10.11.0/24","provider_name":"registry.terraform.io/hashicorp/aws","schema_version":1,"values":{"assign_ipv6_address_on_creation":false,"availability_zone":"eu-west-2a","cidr_block":"10.10.11.0/24","customer_owned_ipv4_pool":null,"enable_dns64":false,"enable_lni_at_device_index":null,"enable_resource_name_dns_a_record_on_launch":false,"enable_resource_name_dns_aaaa_record_on_launch":false,"ipv6_cidr_block":null,"ipv6_native":false,"map_customer_owned_ip_on_launch":null,"map_public_ip_on_launch":false,"outpost_arn":null,"tags":{"Name":"travel365-development-private-10.10.11.0/24"},"tags_all":{"Name":"travel365-development-private-10.10.11.0/24"},"timeouts":null},"sensitive_values":{"tags":{},"tags_all":{}}},{"address":"module.vpc.aws_subnet.private[\"10.10.12.0/24\"]","mode":"managed","type":"aws_subnet","name":"private","index":"10.10.12.0/24","provider_name":"registry.terraform.io/hashicorp/aws","schema_version":1,"values":{"assign_ipv6_address_on_creation":false,"availability_zone":"eu-west-2b","cidr_block":"10.10.12.0/24","customer_owned_ipv4_pool":null,"enable_dns64":false,"enable_lni_at_device_index":null,"enable_resource_name_dns_a_record_on_launch":false,"enable_resource_name_dns_aaaa_record_on_launch":false,"ipv6_cidr_block":null,"ipv6_native":false,"map_customer_owned_ip_on_launch":null,"map_public_ip_on_launch":false,"outpost_arn":null,"tags":{"Name":"travel365-development-private-10.10.12.0/24"},"tags_all":{"Name":"travel365-development-private-10.10.12.0/24"},"timeouts":null},"sensitive_values":{"tags":{},"tags_all":{}}},{"address":"module.vpc.aws_subnet.public[\"10.10.1.0/24\"]","mode":"managed","type":"aws_subnet","name":"public","index":"10.10.1.0/24","provider_name":"registry.terraform.io/hashicorp/aws","schema_version":1,"values":{"assign_ipv6_address_on_creation":false,"availability_zone":"eu-west-2a","cidr_block":"10.10.1.0/24","customer_owned_ipv4_pool":null,"enable_dns64":false,"enable_lni_at_device_index":null,"enable_resource_name_dns_a_record_on_launch":false,"enable_resource_name_dns_aaaa_record_on_launch":false,"ipv6_cidr_block":null,"ipv6_native":false,"map_customer_owned_ip_on_launch":null,"map_public_ip_on_launch":true,"outpost_arn":null,"tags":{"Name":"travel365-development-public-10.10.1.0/24"},"tags_all":{"Name":"travel365-development-public-10.10.1.0/24"},"timeouts":null},"sensitive_values":{"tags":{},"tags_all":{}}},{"address":"module.vpc.aws_subnet.public[\"10.10.2.0/24\"]","mode":"managed","type":"aws_subnet","name":"public","index":"10.10.2.0/24","provider_name":"registry.terraform.io/hashicorp/aws","schema_version":1,"values":{"assign_ipv6_address_on_creation":false,"availability_zone":"eu-west-2b","cidr_block":"10.10.2.0/24","customer_owned_ipv4_pool":null,"enable_dns64":false,"enable_lni_at_device_index":null,"enable_resource_name_dns_a_record_on_launch":false,"enable_resource_name_dns_aaaa_record_on_launch":false,"ipv6_cidr_block":null,"ipv6_native":false,"map_customer_owned_ip_on_launch":null,"map_public_ip_on_launch":true,"outpost_arn":null,"tags":{"Name":"travel365-development-public-10.10.2.0/24"},"tags_all":{"Name":"travel365-development-public-10.10.2.0/24"},"timeouts":null},"sensitive_values":{"tags":{},"tags_all":{}}},{"address":"module.vpc.aws_vpc.this","mode":"managed","type":"aws_vpc","name":"this","provider_name":"registry.terraform.io/hashicorp/aws","schema_version":1,"values":{"assign_generated_ipv6_cidr_block":null,"cidr_block":"10.10.0.0/16","enable_dns_hostnames":true,"enable_dns_support":true,"instance_tenancy":"default","ipv4_ipam_pool_id":null,"ipv4_netmask_length":null,"ipv6_ipam_pool_id":null,"ipv6_netmask_length":null,"tags":{"Name":"travel365-development-vpc"},"tags_all":{"Name":"travel365-development-vpc"}},"sensitive_values":{"tags":{},"tags_all":{}}}],"address":"module.vpc"}]}},"resource_changes":[{"address":"aws_security_group.ecs","mode":"managed","type":"aws_security_group","name":"ecs","provider_name":"registry.terraform.io/hashicorp/aws","change":{"actions":["create"],"before":null,"after":{"description":"Managed by Terraform","egress":[{"cidr_blocks":["0.0.0.0/0"],"description":"","from_port":0,"ipv6_cidr_blocks":[],"prefix_list_ids":[],"protocol":"-1","security_groups":[],"self":false,"to_port":0}],"name":"travel365-development-ecs-sg","revoke_rules_on_delete":false,"tags":null,"timeouts":null},"after_unknown":{"arn":true,"egress":[{"cidr_blocks":[false],"ipv6_cidr_blocks":[],"prefix_list_ids":[],"security_groups":[]}],"id":true,"ingress":true,"name_prefix":true,"owner_id":true,"tags_all":true,"vpc_id":true},"before_sensitive":false,"after_sensitive":{"egress":[{"cidr_blocks":[false],"ipv6_cidr_blocks":[],"prefix_list_ids":[],"security_groups":[]}],"ingress":[],"tags_all":{}}}},{"address":"aws_security_group.redis","mode":"managed","type":"aws_security_group","name":"redis","provider_name":"registry.terraform.io/hashicorp/aws","change":{"actions":["create"],"before":null,"after":{"description":"Managed by Terraform","egress":[{"cidr_blocks":["0.0.0.0/0"],"description":"","from_port":0,"ipv6_cidr_blocks":[],"prefix_list_ids":[],"protocol":"-1","security_groups":[],"self":false,"to_port":0}],"ingress":[{"cidr_blocks":[],"description":"","from_port":6379,"ipv6_cidr_blocks":[],"prefix_list_ids":[],"protocol":"tcp","self":false,"to_port":6379}],"name":"travel365-development-redis-sg","revoke_rules_on_delete":false,"tags":null,"timeouts":null},"after_unknown":{"arn":true,"egress":[{"cidr_blocks":[false],"ipv6_cidr_blocks":[],"prefix_list_ids":[],"security_groups":[]}],"id":true,"ingress":[{"cidr_blocks":[],"ipv6_cidr_blocks":[],"prefix_list_ids":[],"security_groups":true}],"name_prefix":true,"owner_id":true,"tags_all":true,"vpc_id":true},"before_sensitive":false,"after_sensitive":{"egress":[{"cidr_blocks":[false],"ipv6_cidr_blocks":[],"prefix_list_ids":[],"security_groups":[]}],"ingress":[{"cidr_blocks":[],"ipv6_cidr_blocks":[],"prefix_list_ids":[],"security_groups":[]}],"tags_all":{}}}},{"address":"random_id.bucket_hex","mode":"managed","type":"random_id","name":"bucket_hex","provider_name":"registry.terraform.io/hashicorp/random","change":{"actions":["create"],"before":null,"after":{"byte_length":3,"keepers":null,"prefix":null},"after_unknown":{"b64_std":true,"b64_url":true,"dec":true,"hex":true,"id":true},"before_sensitive":false,"after_sensitive":{}}},{"address":"module.ecs.aws_cloudwatch_log_group.backend","module_address":"module.ecs","mode":"managed","type":"aws_cloudwatch_log_group","name":"backend","provider_name":"registry.terraform.io/hashicorp/aws","change":{"actions":["create"],"before":null,"after":{"kms_key_id":null,"name":"/ecs/travel365-development-cluster-backend","retention_in_days":30,"skip_destroy":false,"tags":null},"after_unknown":{"arn":true,"id":true,"name_prefix":true,"tags_all":true},"before_sensitive":false,"after_sensitive":{"tags_all":{}}}},{"address":"module.ecs.aws_ecs_cluster.this","module_address":"module.ecs","mode":"managed","type":"aws_ecs_cluster","name":"this","provider_name":"registry.terraform.io/hashicorp/aws","change":{"actions":["create"],"before":null,"after":{"configuration":[],"name":"travel365-development-cluster","service_connect_defaults":[],"tags":null},"after_unknown":{"arn":true,"capacity_providers":true,"configuration":[],"default_capacity_provider_strategy":true,"id":true,"service_connect_defaults":[],"setting":true,"tags_all":true},"before_sensitive":false,"after_sensitive":{"capacity_providers":[],"configuration":[],"default_capacity_provider_strategy":[],"service_connect_defaults":[],"setting":[],"tags_all":{}}}},{"address":"module.ecs.aws_ecs_service.backend","module_address":"module.ecs","mode":"managed","type":"aws_ecs_service","name":"backend","provider_name":"registry.terraform.io/hashicorp/aws","change":{"actions":["create"],"before":null,"after":{"alarms":[],"capacity_provider_strategy":[],"deployment_circuit_breaker":[],"deployment_controller":[],"deployment_maximum_percent":200,"deployment_minimum_healthy_percent":50,"desired_count":1,"enable_ecs_managed_tags":false,"enable_execute_command":false,"force_new_deployment":null,"health_check_grace_period_seconds":null,"launch_type":"FARGATE","load_balancer":[],"name":"travel365-development-cluster-backend","network_configuration":[{"assign_public_ip":false}],"ordered_placement_strategy":[],"placement_constraints":[],"propagate_tags":null,"scheduling_strategy":"REPLICA","service_connect_configuration":[],"service_registries":[],"tags":null,"timeouts":null,"wait_for_steady_state":false},"after_unknown":{"alarms":[],"capacity_provider_strategy":[],"cluster":true,"deployment_circuit_breaker":[],"deployment_controller":[],"iam_role":true,"id":true,"load_balancer":[],"network_configuration":[{"security_groups":true,"subnets":true}],"ordered_placement_strategy":[],"placement_constraints":[],"platform_version":true,"service_connect_configuration":[],"service_registries":[],"tags_all":true,"task_definition":true,"triggers":true},"before_sensitive":false,"after_sensitive":{"alarms":[],"capacity_provider_strategy":[],"deployment_circuit_breaker":[],"deployment_controller":[],"load_balancer":[],"network_configuration":[{"security_groups":[],"subnets":[]}],"ordered_placement_strategy":[],"placement_constraints":[],"service_connect_configuration":[],"service_registries":[],"tags_all":{},"triggers":{}}}},{"address":"module.ecs.aws_ecs_task_definition.backend","module_address":"module.ecs","mode":"managed","type":"aws_ecs_task_definition","name":"backend","provider_name":"registry.terraform.io/hashicorp/aws","change":{"actions":["create"],"before":null,"after":{"container_definitions":"[{\"environment\":[],\"essential\":true,\"image\":\"\",\"logConfiguration\":{\"logDriver\":\"awslogs\",\"options\":{\"awslogs-group\":\"/ecs/travel365-development-cluster-backend\",\"awslogs-region\":\"eu-west-2\",\"awslogs-stream-prefix\":\"backend\"}},\"name\":\"backend\",\"portMappings\":[{\"containerPort\":8080,\"hostPort\":8080,\"protocol\":\"tcp\"}]}]","cpu":"512","ephemeral_storage":[],"family":"travel365-development-cluster-backend","inference_accelerator":[],"ipc_mode":null,"memory":"1024","network_mode":"awsvpc","pid_mode":null,"placement_constraints":[],"proxy_configuration":[],"requires_compatibilities":["FARGATE"],"runtime_platform":[],"skip_destroy":false,"tags":null,"volume":[]},"after_unknown":{"arn":true,"arn_without_revision":true,"ephemeral_storage":[],"execution_role_arn":true,"id":true,"inference_accelerator":[],"placement_constraints":[],"proxy_configuration":[],"requires_compatibilities":[false],"revision":true,"runtime_platform":[],"tags_all":true,"task_role_arn":true,"volume":[]},"before_sensitive":false,"after_sensitive":{"ephemeral_storage":[],"inference_accelerator":[],"placement_constraints":[],"proxy_configuration":[],"requires_compatibilities":[false],"runtime_platform":[],"tags_all":{},"volume":[]}}},{"address":"module.iam.aws_iam_policy.app_policy","module_address":"module.iam","mode":"managed","type":"aws_iam_policy","name":"app_policy","provider_name":"registry.terraform.io/hashicorp/aws","change":{"actions":["create"],"before":null,"after":{"description":null,"name":"travel365-development-app-policy","path":"/","tags":null},"after_unknown":{"arn":true,"id":true,"name_prefix":true,"policy":true,"policy_id":true,"tags_all":true},"before_sensitive":false,"after_sensitive":{"tags_all":{}}}},{"address":"module.iam.aws_iam_role.ecs_task","module_address":"module.iam","mode":"managed","type":"aws_iam_role","name":"ecs_task","provider_name":"registry.terraform.io/hashicorp/aws","change":{"actions":["create"],"before":null,"after":{"assume_role_policy":"{\"Statement\":[{\"Action\":\"sts:AssumeRole\",\"Effect\":\"Allow\",\"Principal\":{\"Service\":\"ecs-tasks.amazonaws.com\"},\"Sid\":\"\"}],\"Version\":\"2012-10-17\"}","description":null,"force_detach_policies":false,"max_session_duration":3600,"name":"travel365-development-ecs-task-role","path":"/","permissions_boundary":null,"tags":null},"after_unknown":{"arn":true,"create_date":true,"id":true,"inline_policy":true,"managed_policy_arns":true,"name_prefix":true,"role_last_used":true,"tags_all":true,"unique_id":true},"before_sensitive":false,"after_sensitive":{"inline_policy":[],"managed_policy_arns":[],"role_last_used":[],"tags_all":{}}}},{"address":"module.iam.aws_iam_role.ecs_task_execution","module_address":"module.iam","mode":"managed","type":"aws_iam_role","name":"ecs_task_execution","provider_name":"registry.terraform.io/hashicorp/aws","change":{"actions":["create"],"before":null,"after":{"assume_role_policy":"{\"Statement\":[{\"Action\":\"sts:AssumeRole\",\"Effect\":\"Allow\",\"Principal\":{\"Service\":\"ecs-tasks.amazonaws.com\"},\"Sid\":\"\"}],\"Version\":\"2012-10-17\"}","description":null,"force_detach_policies":false,"max_session_duration":3600,"name":"travel365-development-ecs-exec-role","path":"/","permissions_boundary":null,"tags":null},"after_unknown":{"arn":true,"create_date":true,"id":true,"inline_policy":true,"managed_policy_arns":true,"name_prefix":true,"role_last_used":true,"tags_all":true,"unique_id":true},"before_sensitive":false,"after_sensitive":{"inline_policy":[],"managed_policy_arns":[],"role_last_used":[],"tags_all":{}}}},{"address":"module.iam.aws_iam_role_policy_attachment.app_attach","module_address":"module.iam","mode":"managed","type":"aws_iam_role_policy_attachment","name":"app_attach","provider_name":"registry.terraform.io/hashicorp/aws","change":{"actions":["create"],"before":null,"after":{"role":"travel365-development-ecs-task-role"},"after_unknown":{"id":true,"policy_arn":true},"before_sensitive":false,"after_sensitive":{}}},{"address":"module.iam.aws_iam_role_policy_attachment.exec_attach","module_address":"module.iam","mode":"managed","type":"aws_iam_role_policy_attachment","name":"exec_attach","provider_name":"registry.terraform.io/hashicorp/aws","change":{"actions":["create"],"before":null,"after":{"policy_arn":"arn:aws:iam::aws:policy/service-role/AmazonECSTaskExecutionRolePolicy","role":"travel365-development-ecs-exec-role"},"after_unknown":{"id":true},"before_sensitive":false,"after_sensitive":{}}},{"address":"module.redis.aws_elasticache_cluster.this","module_address":"module.redis","mode":"managed","type":"aws_elasticache_cluster","name":"this","provider_name":"registry.terraform.io/hashicorp/aws","change":{"actions":["create"],"before":null,"after":{"auto_minor_version_upgrade":"true","cluster_id":"travel365-development-redis","engine":"redis","engine_version":"7.0","final_snapshot_identifier":null,"log_delivery_configuration":[],"node_type":"cache.t4g.micro","notification_topic_arn":null,"num_cache_nodes":1,"outpost_mode":null,"parameter_group_name":"default.redis7","port":6379,"preferred_availability_zones":null,"snapshot_arns":null,"snapshot_name":null,"snapshot_retention_limit":null,"subnet_group_name":"travel365-development-subnet","tags":{"Name":"travel365-development-redis"},"tags_all":{"Name":"travel365-development-redis"}},"after_unknown":{"apply_immediately":true,"arn":true,"availability_zone":true,"az_mode":true,"cache_nodes":true,"cluster_address":true,"configuration_endpoint":true,"engine_version_actual":true,"id":true,"ip_discovery":true,"log_delivery_configuration":[],"maintenance_window":true,"network_type":true,"preferred_outpost_arn":true,"replication_group_id":true,"security_group_ids":true,"security_group_names":true,"snapshot_window":true,"tags":{},"tags_all":{}},"before_sensitive":false,"after_sensitive":{"cache_nodes":[],"log_delivery_configuration":[],"security_group_ids":[],"security_group_names":[],"tags":{},"tags_all":{}}}},{"address":"module.redis.aws_elasticache_subnet_group.this","module_address":"module.redis","mode":"managed","type":"aws_elasticache_subnet_group","name":"this","provider_name":"registry.terraform.io/hashicorp/aws","change":{"actions":["create"],"before":null,"after":{"description":"Managed by Terraform","name":"travel365-development-subnet","tags":null},"after_unknown":{"arn":true,"id":true,"subnet_ids":true,"tags_all":true},"before_sensitive":false,"after_sensitive":{"subnet_ids":[],"tags_all":{}}}},{"address":"module.s3.aws_s3_bucket.this","module_address":"module.s3","mode":"managed","type":"aws_s3_bucket","name":"this","provider_name":"registry.terraform.io/hashicorp/aws","change":{"actions":["create"],"before":null,"after":{"acl":"private","force_destroy":false,"server_side_encryption_configuration":[{"rule":[{"apply_server_side_encryption_by_default":[{"kms_master_key_id":null,"sse_algorithm":"AES256"}],"bucket_key_enabled":null}]}],"tags":{"Name":"travel365-development-assets"},"tags_all":{"Name":"travel365-development-assets"},"timeouts":null,"versioning":[{"enabled":true,"mfa_delete":false}]},"after_unknown":{"acceleration_status":true,"arn":true,"bucket":true,"bucket_domain_name":true,"bucket_prefix":true,"bucket_regional_domain_name":true,"cors_rule":true,"grant":true,"hosted_zone_id":true,"id":true,"lifecycle_rule":true,"logging":true,"object_lock_configuration":true,"object_lock_enabled":true,"policy":true,"region":true,"replication_configuration":true,"request_payer":true,"server_side_encryption_configuration":[{"rule":[{"apply_server_side_encryption_by_default":[{}]}]}],"tags":{},"tags_all":{},"versioning":[{}],"website":true,"website_domain":true,"website_endpoint":true},"before_sensitive":false,"after_sensitive":{"cors_rule":[],"grant":[],"lifecycle_rule":[],"logging":[],"object_lock_configuration":[],"replication_configuration":[],"server_side_encryption_configuration":[{"rule":[{"apply_server_side_encryption_by_default":[{}]}]}],"tags":{},"tags_all":{},"versioning":[{}],"website":[]}}},{"address":"module.s3.aws_s3_bucket_public_access_block.block","module_address":"module.s3","mode":"managed","type":"aws_s3_bucket_public_access_block","name":"block","provider_name":"registry.terraform.io/hashicorp/aws","change":{"actions":["create"],"before":null,"after":{"block_public_acls":true,"block_public_policy":true,"ignore_public_acls":true,"restrict_public_buckets":true},"after_unknown":{"bucket":true,"id":true},"before_sensitive":false,"after_sensitive":{}}},{"address":"module.vpc.aws_internet_gateway.igw","module_address":"module.vpc","mode":"managed","type":"aws_internet_gateway","name":"igw","provider_name":"registry.terraform.io/hashicorp/aws","change":{"actions":["create"],"before":null,"after":{"tags":{"Name":"travel365-development-igw"},"tags_all":{"Name":"travel365-development-igw"},"timeouts":null},"after_unknown":{"arn":true,"id":true,"owner_id":true,"tags":{},"tags_all":{},"vpc_id":true},"before_sensitive":false,"after_sensitive":{"tags":{},"tags_all":{}}}},{"address":"module.vpc.aws_route_table.private","module_address":"module.vpc","mode":"managed","type":"aws_route_table","name":"private","provider_name":"registry.terraform.io/hashicorp/aws","change":{"actions":["create"],"before":null,"after":{"tags":{"Name":"travel365-development-private-rt"},"tags_all":{"Name":"travel365-development-private-rt"},"timeouts":null},"after_unknown":{"arn":true,"id":true,"owner_id":true,"propagating_vgws":true,"route":true,"tags":{},"tags_all":{},"vpc_id":true},"before_sensitive":false,"after_sensitive":{"propagating_vgws":[],"route":[],"tags":{},"tags_all":{}}}},{"address":"module.vpc.aws_route_table.public","module_address":"module.vpc","mode":"managed","type":"aws_route_table","name":"public","provider_name":"registry.terraform.io/hashicorp/aws","change":{"actions":["create"],"before":null,"after":{"route":[{"carrier_gateway_id":"","cidr_block":"0.0.0.0/0","core_network_arn":"","destination_prefix_list_id":"","egress_only_gateway_id":"","instance_id":"","ipv6_cidr_block":"","local_gateway_id":"","nat_gateway_id":"","network_interface_id":"","transit_gateway_id":"","vpc_endpoint_id":"","vpc_peering_connection_id":""}],"tags":{"Name":"travel365-development-public-rt"},"tags_all":{"Name":"travel365-development-public-rt"},"timeouts":null},"after_unknown":{"arn":true,"id":true,"owner_id":true,"propagating_vgws":true,"route":[{"gateway_id":true}],"tags":{},"tags_all":{},"vpc_id":true},"before_sensitive":false,"after_sensitive":{"propagating_vgws":[],"route":[{}],"tags":{},"tags_all":{}}}},{"address":"module.vpc.aws_route_table_association.private_assoc[\"10.10.11.0/24\"]","module_address":"module.vpc","mode":"managed","type":"aws_route_table_association","name":"private_assoc","index":"10.10.11.0/24","provider_name":"registry.terraform.io/hashicorp/aws","change":{"actions":["create"],"before":null,"after":{"gateway_id":null,"timeouts":null},"after_unknown":{"id":true,"route_table_id":true,"subnet_id":true},"before_sensitive":false,"after_sensitive":{}}},{"address":"module.vpc.aws_route_table_association.private_assoc[\"10.10.12.0/24\"]","module_address":"module.vpc","mode":"managed","type":"aws_route_table_association","name":"private_assoc","index":"10.10.12.0/24","provider_name":"registry.terraform.io/hashicorp/aws","change":{"actions":["create"],"before":null,"after":{"gateway_id":null,"timeouts":null},"after_unknown":{"id":true,"route_table_id":true,"subnet_id":true},"before_sensitive":false,"after_sensitive":{}}},{"address":"module.vpc.aws_route_table_association.public_assoc[\"10.10.1.0/24\"]","module_address":"module.vpc","mode":"managed","type":"aws_route_table_association","name":"public_assoc","index":"10.10.1.0/24","provider_name":"registry.terraform.io/hashicorp/aws","change":{"actions":["create"],"before":null,"after":{"gateway_id":null,"timeouts":null},"after_unknown":{"id":true,"route_table_id":true,"subnet_id":true},"before_sensitive":false,"after_sensitive":{}}},{"address":"module.vpc.aws_route_table_association.public_assoc[\"10.10.2.0/24\"]","module_address":"module.vpc","mode":"managed","type":"aws_route_table_association","name":"public_assoc","index":"10.10.2.0/24","provider_name":"registry.terraform.io/hashicorp/aws","change":{"actions":["create"],"before":null,"after":{"gateway_id":null,"timeouts":null},"after_unknown":{"id":true,"route_table_id":true,"subnet_id":true},"before_sensitive":false,"after_sensitive":{}}},{"address":"module.vpc.aws_subnet.private[\"10.10.11.0/24\"]","module_address":"module.vpc","mode":"managed","type":"aws_subnet","name":"private","index":"10.10.11.0/24","provider_name":"registry.terraform.io/hashicorp/aws","change":{"actions":["create"],"before":null,"after":{"assign_ipv6_address_on_creation":false,"availability_zone":"eu-west-2a","cidr_block":"10.10.11.0/24","customer_owned_ipv4_pool":null,"enable_dns64":false,"enable_lni_at_device_index":null,"enable_resource_name_dns_a_record_on_launch":false,"enable_resource_name_dns_aaaa_record_on_launch":false,"ipv6_cidr_block":null,"ipv6_native":false,"map_customer_owned_ip_on_launch":null,"map_public_ip_on_launch":false,"outpost_arn":null,"tags":{"Name":"travel365-development-private-10.10.11.0/24"},"tags_all":{"Name":"travel365-development-private-10.10.11.0/24"},"timeouts":null},"after_unknown":{"arn":true,"availability_zone_id":true,"id":true,"ipv6_cidr_block_association_id":true,"owner_id":true,"private_dns_hostname_type_on_launch":true,"tags":{},"tags_all":{},"vpc_id":true},"before_sensitive":false,"after_sensitive":{"tags":{},"tags_all":{}}}},{"address":"module.vpc.aws_subnet.private[\"10.10.12.0/24\"]","module_address":"module.vpc","mode":"managed","type":"aws_subnet","name":"private","index":"10.10.12.0/24","provider_name":"registry.terraform.io/hashicorp/aws","change":{"actions":["create"],"before":null,"after":{"assign_ipv6_address_on_creation":false,"availability_zone":"eu-west-2b","cidr_block":"10.10.12.0/24","customer_owned_ipv4_pool":null,"enable_dns64":false,"enable_lni_at_device_index":null,"enable_resource_name_dns_a_record_on_launch":false,"enable_resource_name_dns_aaaa_record_on_launch":false,"ipv6_cidr_block":null,"ipv6_native":false,"map_customer_owned_ip_on_launch":null,"map_public_ip_on_launch":false,"outpost_arn":null,"tags":{"Name":"travel365-development-private-10.10.12.0/24"},"tags_all":{"Name":"travel365-development-private-10.10.12.0/24"},"timeouts":null},"after_unknown":{"arn":true,"availability_zone_id":true,"id":true,"ipv6_cidr_block_association_id":true,"owner_id":true,"private_dns_hostname_type_on_launch":true,"tags":{},"tags_all":{},"vpc_id":true},"before_sensitive":false,"after_sensitive":{"tags":{},"tags_all":{}}}},{"address":"module.vpc.aws_subnet.public[\"10.10.1.0/24\"]","module_address":"module.vpc","mode":"managed","type":"aws_subnet","name":"public","index":"10.10.1.0/24","provider_name":"registry.terraform.io/hashicorp/aws","change":{"actions":["create"],"before":null,"after":{"assign_ipv6_address_on_creation":false,"availability_zone":"eu-west-2a","cidr_block":"10.10.1.0/24","customer_owned_ipv4_pool":null,"enable_dns64":false,"enable_lni_at_device_index":null,"enable_resource_name_dns_a_record_on_launch":false,"enable_resource_name_dns_aaaa_record_on_launch":false,"ipv6_cidr_block":null,"ipv6_native":false,"map_customer_owned_ip_on_launch":null,"map_public_ip_on_launch":true,"outpost_arn":null,"tags":{"Name":"travel365-development-public-10.10.1.0/24"},"tags_all":{"Name":"travel365-development-public-10.10.1.0/24"},"timeouts":null},"after_unknown":{"arn":true,"availability_zone_id":true,"id":true,"ipv6_cidr_block_association_id":true,"owner_id":true,"private_dns_hostname_type_on_launch":true,"tags":{},"tags_all":{},"vpc_id":true},"before_sensitive":false,"after_sensitive":{"tags":{},"tags_all":{}}}},{"address":"module.vpc.aws_subnet.public[\"10.10.2.0/24\"]","module_address":"module.vpc","mode":"managed","type":"aws_subnet","name":"public","index":"10.10.2.0/24","provider_name":"registry.terraform.io/hashicorp/aws","change":{"actions":["create"],"before":null,"after":{"assign_ipv6_address_on_creation":false,"availability_zone":"eu-west-2b","cidr_block":"10.10.2.0/24","customer_owned_ipv4_pool":null,"enable_dns64":false,"enable_lni_at_device_index":null,"enable_resource_name_dns_a_record_on_launch":false,"enable_resource_name_dns_aaaa_record_on_launch":false,"ipv6_cidr_block":null,"ipv6_native":false,"map_customer_owned_ip_on_launch":null,"map_public_ip_on_launch":true,"outpost_arn":null,"tags":{"Name":"travel365-development-public-10.10.2.0/24"},"tags_all":{"Name":"travel365-development-public-10.10.2.0/24"},"timeouts":null},"after_unknown":{"arn":true,"availability_zone_id":true,"id":true,"ipv6_cidr_block_association_id":true,"owner_id":true,"private_dns_hostname_type_on_launch":true,"tags":{},"tags_all":{},"vpc_id":true},"before_sensitive":false,"after_sensitive":{"tags":{},"tags_all":{}}}},{"address":"module.vpc.aws_vpc.this","module_address":"module.vpc","mode":"managed","type":"aws_vpc","name":"this","provider_name":"registry.terraform.io/hashicorp/aws","change":{"actions":["create"],"before":null,"after":{"assign_generated_ipv6_cidr_block":null,"cidr_block":"10.10.0.0/16","enable_dns_hostnames":true,"enable_dns_support":true,"instance_tenancy":"default","ipv4_ipam_pool_id":null,"ipv4_netmask_length":null,"ipv6_ipam_pool_id":null,"ipv6_netmask_length":null,"tags":{"Name":"travel365-development-vpc"},"tags_all":{"Name":"travel365-development-vpc"}},"after_unknown":{"arn":true,"default_network_acl_id":true,"default_route_table_id":true,"default_security_group_id":true,"dhcp_options_id":true,"enable_classiclink":true,"enable_classiclink_dns_support":true,"enable_network_address_usage_metrics":true,"id":true,"ipv6_association_id":true,"ipv6_cidr_block":true,"ipv6_cidr_block_network_border_group":true,"main_route_table_id":true,"owner_id":true,"tags":{},"tags_all":{}},"before_sensitive":false,"after_sensitive":{"tags":{},"tags_all":{}}}}],"prior_state":{"format_version":"1.0","terraform_version":"1.14.0","values":{"root_module":{"child_modules":[{"resources":[{"address":"module.iam.data.aws_iam_policy_document.ecs_task_assume","mode":"data","type":"aws_iam_policy_document","name":"ecs_task_assume","provider_name":"registry.terraform.io/hashicorp/aws","schema_version":0,"values":{"id":"320642683","json":"{\n  \"Version\": \"2012-10-17\",\n  \"Statement\": [\n    {\n      \"Sid\": \"\",\n      \"Effect\": \"Allow\",\n      \"Action\": \"sts:AssumeRole\",\n      \"Principal\": {\n        \"Service\": \"ecs-tasks.amazonaws.com\"\n      }\n    }\n  ]\n}","override_json":null,"override_policy_documents":null,"policy_id":null,"source_json":null,"source_policy_documents":null,"statement":[{"actions":["sts:AssumeRole"],"condition":[],"effect":"Allow","not_actions":[],"not_principals":[],"not_resources":[],"principals":[{"identifiers":["ecs-tasks.amazonaws.com"],"type":"Service"}],"resources":[],"sid":""}],"version":"2012-10-17"},"sensitive_values":{"statement":[{"actions":[false],"condition":[],"not_actions":[],"not_principals":[],"not_resources":[],"principals":[{"identifiers":[false]}],"resources":[]}]}}],"address":"module.iam"},{"resources":[{"address":"module.vpc.data.aws_availability_zones.available","mode":"data","type":"aws_availability_zones","name":"available","provider_name":"registry.terraform.io/hashicorp/aws","schema_version":0,"values":{"all_availability_zones":null,"exclude_names":null,"exclude_zone_ids":null,"filter":null,"group_names":["eu-west-2-zg-1"],"id":"eu-west-2","names":["eu-west-2a","eu-west-2b","eu-west-2c"],"state":null,"timeouts":null,"zone_ids":["euw2-az2","euw2-az3","euw2-az1"]},"sensitive_values":{"group_names":[false],"names":[false,false,false],"zone_ids":[false,false,false]}}],"address":"module.vpc"}]}}},"configuration":{"provider_config":{"aws":{"name":"aws","full_name":"registry.terraform.io/hashicorp/aws","version_constraint":"~\u003e 4.50","expressions":{"region":{"constant_value":"eu-west-2"}}},"aws.us_east_1":{"name":"aws","full_name":"registry.terraform.io/hashicorp/aws","alias":"us_east_1","version_constraint":"~\u003e 4.50","expressions":{"region":{"constant_value":"us-east-1"}}},"random":{"name":"random","full_name":"registry.terraform.io/hashicorp/random"}},"root_module":{"resources":[{"address":"aws_security_group.ecs","mode":"managed","type":"aws_security_group","name":"ecs","provider_config_key":"aws","expressions":{"egress":{"constant_value":[{"cidr_blocks":["0.0.0.0/0"],"description":null,"from_port":0,"ipv6_cidr_blocks":null,"prefix_list_ids":null,"protocol":"-1","security_groups":null,"self":null,"to_port":0}]},"name":{"references":["local.name"]},"vpc_id":{"references":["module.vpc.vpc_id","module.vpc"]}},"schema_version":1},{"address":"aws_security_group.redis","mode":"managed","type":"aws_security_group","name":"redis","provider_config_key":"aws","expressions":{"egress":{"constant_value":[{"cidr_blocks":["0.0.0.0/0"],"description":null,"from_port":0,"ipv6_cidr_blocks":null,"prefix_list_ids":null,"protocol":"-1","security_groups":null,"self":null,"to_port":0}]},"ingress":{"references":["aws_security_group.ecs.id","aws_security_group.ecs"]},"name":{"references":["local.name"]},"vpc_id":{"references":["module.vpc.vpc_id","module.vpc"]}},"schema_version":1},{"address":"random_id.bucket_hex","mode":"managed","type":"random_id","name":"bucket_hex","provider_config_key":"random","expressions":{"byte_length":{"constant_value":3}},"schema_version":0}],"module_calls":{"ecs":{"source":"../../modules/ecs","expressions":{"admin_desired_count":{"constant_value":0},"admin_image":{"references":["var.admin_image"]},"backend_desired_count":{"constant_value":1},"backend_image":{"references":["var.backend_image"]},"cluster_name":{"references":["local.name"]},"execution_role_arn":{"references":["module.iam.ecs_task_exec_role_arn","module.iam"]},"frontend_desired_count":{"constant_value":1},"frontend_image":{"references":["var.frontend_image"]},"name":{"references":["local.name"]},"security_groups":{"references":["aws_security_group.ecs.id","aws_security_group.ecs"]},"subnet_ids":{"references":["module.vpc.private_subnet_ids","module.vpc"]},"task_role_arn":{"references":["module.iam.ecs_task_role_arn","module.iam"]}},"module":{"outputs":{"cluster_arn":{"expression":{"references":["aws_ecs_cluster.this.arn","aws_ecs_cluster.this"]}},"cluster_id":{"expression":{"references":["aws_ecs_cluster.this.id","aws_ecs_cluster.this"]}}},"resources":[{"address":"aws_cloudwatch_log_group.backend","mode":"managed","type":"aws_cloudwatch_log_group","name":"backend","provider_config_key":"aws","expressions":{"name":{"references":["var.cluster_name"]},"retention_in_days":{"constant_value":30}},"schema_version":0},{"address":"aws_ecs_cluster.this","mode":"managed","type":"aws_ecs_cluster","name":"this","provider_config_key":"aws","expressions":{"name":{"references":["var.cluster_name"]}},"schema_version":0},{"address":"aws_ecs_service.backend","mode":"managed","type":"aws_ecs_service","name":"backend","provider_config_key":"aws","expressions":{"cluster":{"references":["aws_ecs_cluster.this.id","aws_ecs_cluster.this"]},"deployment_maximum_percent":{"constant_value":200},"deployment_minimum_healthy_percent":{"constant_value":50},"desired_count":{"references":["var.backend_desired_count"]},"launch_type":{"constant_value":"FARGATE"},"name":{"references":["var.cluster_name"]},"network_configuration":[{"assign_public_ip":{"constant_value":false},"security_groups":{"references":["var.security_groups"]},"subnets":{"references":["var.subnet_ids"]}}],"task_definition":{"references":["aws_ecs_task_definition.backend.arn","aws_ecs_task_definition.backend"]}},"schema_version":0},{"address":"aws_ecs_task_definition.backend","mode":"managed","type":"aws_ecs_task_definition","name":"backend","provider_config_key":"aws","expressions":{"container_definitions":{"references":["var.backend_image","aws_cloudwatch_log_group.backend.name","aws_cloudwatch_log_group.backend","var.region"]},"cpu":{"constant_value":"512"},"execution_role_arn":{"references":["var.execution_role_arn"]},"family":{"references":["var.cluster_name"]},"memory":{"constant_value":"1024"},"network_mode":{"constant_value":"awsvpc"},"requires_compatibilities":{"constant_value":["FARGATE"]},"task_role_arn":{"references":["var.task_role_arn"]}},"schema_version":1}],"variables":{"admin_cpu":{"default":512},"admin_desired_count":{"default":0},"admin_image":{},"admin_memory":{"default":1024},"backend_cpu":{"default":512},"backend_desired_count":{"default":1},"backend_image":{},"backend_memory":{"default":1024},"cluster_name":{},"enable_autoscaling":{"default":false},"execution_role_arn":{},"frontend_cpu":{"default":512},"frontend_desired_count":{"default":1},"frontend_image":{},"frontend_memory":{"default":1024},"name":{},"region":{"default":"eu-west-2"},"security_groups":{},"subnet_ids":{},"tags":{"default":{}},"task_role_arn":{}}}},"iam":{"source":"../../modules/iam","expressions":{"name":{"references":["local.name"]},"s3_bucket":{"references":["module.s3.bucket","module.s3"]}},"module":{"outputs":{"ecs_task_exec_role_arn":{"expression":{"references":["aws_iam_role.ecs_task_execution.arn","aws_iam_role.ecs_task_execution"]}},"ecs_task_role_arn":{"expression":{"references":["aws_iam_role.ecs_task.arn","aws_iam_role.ecs_task"]}}},"resources":[{"address":"aws_iam_policy.app_policy","mode":"managed","type":"aws_iam_policy","name":"app_policy","provider_config_key":"aws","expressions":{"name":{"references":["var.name"]},"policy":{"references":["var.s3_bucket"]}},"schema_version":0},{"address":"aws_iam_role.ecs_task","mode":"managed","type":"aws_iam_role","name":"ecs_task","provider_config_key":"aws","expressions":{"assume_role_policy":{"references":["data.aws_iam_policy_document.ecs_task_assume.json","data.aws_iam_policy_document.ecs_task_assume"]},"name":{"references":["var.name"]}},"schema_version":0},{"address":"aws_iam_role.ecs_task_execution","mode":"managed","type":"aws_iam_role","name":"ecs_task_execution","provider_config_key":"aws","expressions":{"assume_role_policy":{"references":["data.aws_iam_policy_document.ecs_task_assume.json","data.aws_iam_policy_document.ecs_task_assume"]},"name":{"references":["var.name"]}},"schema_version":0},{"address":"aws_iam_role_policy_attachment.app_attach","mode":"managed","type":"aws_iam_role_policy_attachment","name":"app_attach","provider_config_key":"aws","expressions":{"policy_arn":{"references":["aws_iam_policy.app_policy.arn","aws_iam_policy.app_policy"]},"role":{"references":["aws_iam_role.ecs_task.name","aws_iam_role.ecs_task"]}},"schema_version":0},{"address":"aws_iam_role_policy_attachment.exec_attach","mode":"managed","type":"aws_iam_role_policy_attachment","name":"exec_attach","provider_config_key":"aws","expressions":{"policy_arn":{"constant_value":"arn:aws:iam::aws:policy/service-role/AmazonECSTaskExecutionRolePolicy"},"role":{"references":["aws_iam_role.ecs_task_execution.name","aws_iam_role.ecs_task_execution"]}},"schema_version":0},{"address":"data.aws_iam_policy_document.ecs_task_assume","mode":"data","type":"aws_iam_policy_document","name":"ecs_task_assume","provider_config_key":"aws","expressions":{"statement":[{"actions":{"constant_value":["sts:AssumeRole"]},"principals":[{"identifiers":{"constant_value":["ecs-tasks.amazonaws.com"]},"type":{"constant_value":"Service"}}]}]},"schema_version":0}],"variables":{"name":{},"s3_bucket":{},"tags":{"default":{}}}}},"redis":{"source":"../../modules/elasticache","expressions":{"name":{"references":["local.name"]},"node_type":{"constant_value":"cache.t4g.micro"},"redis_sg_id":{"references":["aws_security_group.redis.id","aws_security_group.redis"]},"subnet_ids":{"references":["module.vpc.private_subnet_ids","module.vpc"]}},"module":{"outputs":{"cluster_id":{"expression":{"references":["aws_elasticache_cluster.this.id","aws_elasticache_cluster.this"]}},"primary_endpoint_address":{"expression":{"references":["aws_elasticache_cluster.this.cache_nodes[0].address","aws_elasticache_cluster.this.cache_nodes[0]","aws_elasticache_cluster.this.cache_nodes","aws_elasticache_cluster.this"]}},"primary_endpoint_port":{"expression":{"references":["aws_elasticache_cluster.this.port","aws_elasticache_cluster.this"]}}},"resources":[{"address":"aws_elasticache_cluster.this","mode":"managed","type":"aws_elasticache_cluster","name":"this","provider_config_key":"aws","expressions":{"cluster_id":{"references":["var.name"]},"engine":{"constant_value":"redis"},"engine_version":{"references":["var.engine_version"]},"node_type":{"references":["var.node_type"]},"num_cache_nodes":{"constant_value":1},"parameter_group_name":{"constant_value":"default.redis7"},"port":{"constant_value":6379},"security_group_ids":{"references":["var.redis_sg_id"]},"subnet_group_name":{"references":["aws_elasticache_subnet_group.this.name","aws_elasticache_subnet_group.this"]},"tags":{"references":["var.name"]}},"schema_version":0},{"address":"aws_elasticache_subnet_group.this","mode":"managed","type":"aws_elasticache_subnet_group","name":"this","provider_config_key":"aws","expressions":{"name":{"references":["var.name"]},"subnet_ids":{"references":["var.subnet_ids"]}},"schema_version":0}],"variables":{"enabled":{"default":true},"engine_version":{"default":"7.0"},"name":{},"node_type":{"default":"cache.t4g.micro"},"redis_sg_id":{},"subnet_ids":{},"tags":{"default":{}}}}},"s3":{"source":"../../modules/s3","expressions":{"bucket_name":{"references":["local.name","random_id.bucket_hex.hex","random_id.bucket_hex"]},"name":{"references":["local.name"]}},"module":{"outputs":{"bucket":{"expression":{"references":["aws_s3_bucket.this.id","aws_s3_bucket.this"]}},"bucket_arn":{"expression":{"references":["aws_s3_bucket.this.arn","aws_s3_bucket.this"]}}},"resources":[{"address":"aws_s3_bucket.this","mode":"managed","type":"aws_s3_bucket","name":"this","provider_config_key":"aws","expressions":{"acl":{"constant_value":"private"},"bucket":{"references":["var.bucket_name"]},"server_side_encryption_configuration":[{"rule":[{"apply_server_side_encryption_by_default":[{"sse_algorithm":{"constant_value":"AES256"}}]}]}],"tags":{"references":["var.name"]},"versioning":[{"enabled":{"constant_value":true}}]},"schema_version":0},{"address":"aws_s3_bucket_public_access_block.block","mode":"managed","type":"aws_s3_bucket_public_access_block","name":"block","provider_config_key":"aws","expressions":{"block_public_acls":{"constant_value":true},"block_public_policy":{"constant_value":true},"bucket":{"references":["aws_s3_bucket.this.id","aws_s3_bucket.this"]},"ignore_public_acls":{"constant_value":true},"restrict_public_buckets":{"constant_value":true}},"schema_version":0}],"variables":{"bucket_name":{},"kms_key_id":{"default":""},"name":{},"public_access":{"default":false},"tags":{"default":{}},"versioning":{"default":true}}}},"vpc":{"source":"../../modules/vpc","expressions":{"cidr":{"constant_value":"10.10.0.0/16"},"enable_nat":{"references":["var.enable_nat"]},"name":{"references":["local.name"]},"private_subnet_cidrs":{"references":["var.private_subnet_cidrs"]},"public_subnet_cidrs":{"references":["var.public_subnet_cidrs"]},"region":{"constant_value":"eu-west-2"}},"module":{"outputs":{"private_subnet_ids":{"expression":{"references":["aws_subnet.private"]}},"public_subnet_ids":{"expression":{"references":["aws_subnet.public"]}},"vpc_id":{"expression":{"references":["aws_vpc.this.id","aws_vpc.this"]}}},"resources":[{"address":"aws_eip.nat","mode":"managed","type":"aws_eip","name":"nat","provider_config_key":"aws","schema_version":0,"count_expression":{"references":["var.enable_nat","var.public_subnet_cidrs"]}},{"address":"aws_internet_gateway.igw","mode":"managed","type":"aws_internet_gateway","name":"igw","provider_config_key":"aws","expressions":{"tags":{"references":["var.name"]},"vpc_id":{"references":["aws_vpc.this.id","aws_vpc.this"]}},"schema_version":0},{"address":"aws_nat_gateway.nat","mode":"managed","type":"aws_nat_gateway","name":"nat","provider_config_key":"aws","expressions":{"allocation_id":{"references":["aws_eip.nat","count.index"]},"subnet_id":{"references":["aws_subnet.public","count.index"]},"tags":{"references":["var.name","count.index"]}},"schema_version":0,"count_expression":{"references":["var.enable_nat","var.public_subnet_cidrs"]}},{"address":"aws_route.private_nat","mode":"managed","type":"aws_route","name":"private_nat","provider_config_key":"aws","expressions":{"destination_cidr_block":{"constant_value":"0.0.0.0/0"},"nat_gateway_id":{"references":["aws_nat_gateway.nat"]},"route_table_id":{"references":["aws_route_table.private.id","aws_route_table.private"]}},"schema_version":0,"count_expression":{"references":["var.enable_nat"]}},{"address":"aws_route_table.private","mode":"managed","type":"aws_route_table","name":"private","provider_config_key":"aws","expressions":{"tags":{"references":["var.name"]},"vpc_id":{"references":["aws_vpc.this.id","aws_vpc.this"]}},"schema_version":0},{"address":"aws_route_table.public","mode":"managed","type":"aws_route_table","name":"public","provider_config_key":"aws","expressions":{"route":{"references":["aws_internet_gateway.igw.id","aws_internet_gateway.igw"]},"tags":{"references":["var.name"]},"vpc_id":{"references":["aws_vpc.this.id","aws_vpc.this"]}},"schema_version":0},{"address":"aws_route_table_association.private_assoc","mode":"managed","type":"aws_route_table_association","name":"private_assoc","provider_config_key":"aws","expressions":{"route_table_id":{"references":["aws_route_table.private.id","aws_route_table.private"]},"subnet_id":{"references":["each.value.id","each.value"]}},"schema_version":0,"for_each_expression":{"references":["aws_subnet.private"]}},{"address":"aws_route_table_association.public_assoc","mode":"managed","type":"aws_route_table_association","name":"public_assoc","provider_config_key":"aws","expressions":{"route_table_id":{"references":["aws_route_table.public.id","aws_route_table.public"]},"subnet_id":{"references":["each.value.id","each.value"]}},"schema_version":0,"for_each_expression":{"references":["aws_subnet.public"]}},{"address":"aws_subnet.private","mode":"managed","type":"aws_subnet","name":"private","provider_config_key":"aws","expressions":{"availability_zone":{"references":["data.aws_availability_zones.available.names","data.aws_availability_zones.available","var.private_subnet_cidrs","each.value","data.aws_availability_zones.available.names","data.aws_availability_zones.available"]},"cidr_block":{"references":["each.value"]},"map_public_ip_on_launch":{"constant_value":false},"tags":{"references":["var.name","each.value"]},"vpc_id":{"references":["aws_vpc.this.id","aws_vpc.this"]}},"schema_version":1,"for_each_expression":{"references":["var.private_subnet_cidrs"]}},{"address":"aws_subnet.public","mode":"managed","type":"aws_subnet","name":"public","provider_config_key":"aws","expressions":{"availability_zone":{"references":["data.aws_availability_zones.available.names","data.aws_availability_zones.available","var.public_subnet_cidrs","each.value","data.aws_availability_zones.available.names","data.aws_availability_zones.available"]},"cidr_block":{"references":["each.value"]},"map_public_ip_on_launch":{"constant_value":true},"tags":{"references":["var.name","each.value"]},"vpc_id":{"references":["aws_vpc.this.id","aws_vpc.this"]}},"schema_version":1,"for_each_expression":{"references":["var.public_subnet_cidrs"]}},{"address":"aws_vpc.this","mode":"managed","type":"aws_vpc","name":"this","provider_config_key":"aws","expressions":{"cidr_block":{"references":["var.cidr"]},"enable_dns_hostnames":{"constant_value":true},"enable_dns_support":{"constant_value":true},"tags":{"references":["var.name"]}},"schema_version":1},{"address":"data.aws_availability_zones.available","mode":"data","type":"aws_availability_zones","name":"available","provider_config_key":"aws","schema_version":0}],"variables":{"cidr":{"default":"10.0.0.0/16"},"enable_nat":{"default":true},"name":{},"private_subnet_cidrs":{},"public_subnet_cidrs":{},"region":{"default":"eu-west-2"},"tags":{"default":{}}}}}},"variables":{"admin_cpu":{"default":256},"admin_desired_count":{"default":0},"admin_image":{"default":""},"admin_memory":{"default":512},"app_name":{"default":"travel365"},"backend_cpu":{"default":256},"backend_desired_count":{"default":1},"backend_image":{"default":""},"backend_memory":{"default":512},"create_hosted_zone":{"default":false},"db_password":{"default":""},"db_username":{"default":""},"domain_name":{"default":""},"enable_cloudfront":{"default":false},"enable_nat":{"default":false},"enable_rds":{"default":false},"enable_ses":{"default":false},"enable_sqs":{"default":false},"enable_waf":{"default":false},"environment":{"default":"development"},"frontend_cpu":{"default":256},"frontend_desired_count":{"default":1},"frontend_image":{"default":""},"frontend_memory":{"default":512},"private_subnet_cidrs":{"default":["10.10.11.0/24","10.10.12.0/24"]},"public_subnet_cidrs":{"default":["10.10.1.0/24","10.10.2.0/24"]},"region":{"default":"eu-west-2"}}}},"relevant_attributes":[{"resource":"module.ecs.aws_ecs_task_definition.backend","attribute":["arn"]},{"resource":"module.redis.aws_elasticache_cluster.this","attribute":["cache_nodes",0,"address"]},{"resource":"module.redis.aws_elasticache_cluster.this","attribute":["id"]},{"resource":"module.iam.data.aws_iam_policy_document.ecs_task_assume","attribute":["json"]},{"resource":"aws_security_group.redis","attribute":["id"]},{"resource":"random_id.bucket_hex","attribute":["hex"]},{"resource":"module.iam.aws_iam_role.ecs_task","attribute":["name"]},{"resource":"module.iam.aws_iam_role.ecs_task_execution","attribute":["name"]},{"resource":"module.iam.aws_iam_policy.app_policy","attribute":["arn"]},{"resource":"module.iam.aws_iam_role.ecs_task_execution","attribute":["arn"]},{"resource":"module.vpc.aws_vpc.this","attribute":["id"]},{"resource":"module.s3.aws_s3_bucket.this","attribute":["id"]},{"resource":"module.s3.aws_s3_bucket.this","attribute":["arn"]},{"resource":"aws_security_group.ecs","attribute":["id"]},{"resource":"module.vpc.aws_internet_gateway.igw","attribute":["id"]},{"resource":"module.vpc.aws_subnet.private","attribute":[]},{"resource":"module.ecs.aws_ecs_cluster.this","attribute":["id"]},{"resource":"module.vpc.aws_route_table.public","attribute":["id"]},{"resource":"module.iam.aws_iam_role.ecs_task","attribute":["arn"]},{"resource":"module.ecs.aws_cloudwatch_log_group.backend","attribute":["name"]},{"resource":"module.vpc.data.aws_availability_zones.available","attribute":["names"]},{"resource":"module.ecs.aws_ecs_cluster.this","attribute":["arn"]},{"resource":"module.redis.aws_elasticache_subnet_group.this","attribute":["name"]},{"resource":"module.vpc.aws_route_table.private","attribute":["id"]},{"resource":"module.redis.aws_elasticache_cluster.this","attribute":["port"]},{"resource":"module.vpc.aws_subnet.public","attribute":[]}],"timestamp":"2025-12-02T08:57:32Z","applyable":true,"complete":true,"errored":false}
